
Microsoft Visual Studio Solution File, Format Version 12.00
# Visual Studio Version 16
VisualStudioVersion = 16.0.30717.126
MinimumVisualStudioVersion = 10.0.40219.1
Project("{FAE04EC0-301F-11D3-BF4B-00C04F79EFBC}") = "SimpleWebchat.DAL", "SimpleWebchat.DAL\SimpleWebchat.DAL.csproj", "{DA374F3D-B1C1-4538-8701-6FD21F2F0D20}"
EndProject
Project("{FAE04EC0-301F-11D3-BF4B-00C04F79EFBC}") = "SimpleWebchat.BLL", "SimpleWebchat.BLL\SimpleWebchat.BLL.csproj", "{57D1F496-ED69-43E1-ADA7-AB45DC8C12A3}"
EndProject
Project("{FAE04EC0-301F-11D3-BF4B-00C04F79EFBC}") = "SimpleWebchat.Web", "SimpleWebchat.Web\SimpleWebchat.Web.csproj", "{EADB06A9-35B7-4BF6-BB03-BD7CEF78C286}"
EndProject
Global
	GlobalSection(SolutionConfigurationPlatforms) = preSolution
		Debug|Any CPU = Debug|Any CPU
		Release|Any CPU = Release|Any CPU
	EndGlobalSection
	GlobalSection(ProjectConfigurationPlatforms) = postSolution
		{DA374F3D-B1C1-4538-8701-6FD21F2F0D20}.Debug|Any CPU.ActiveCfg = Debug|Any CPU
		{DA374F3D-B1C1-4538-8701-6FD21F2F0D20}.Debug|Any CPU.Build.0 = Debug|Any CPU
		{DA374F3D-B1C1-4538-8701-6FD21F2F0D20}.Release|Any CPU.ActiveCfg = Release|Any CPU
		{DA374F3D-B1C1-4538-8701-6FD21F2F0D20}.Release|Any CPU.Build.0 = Release|Any CPU
		{57D1F496-ED69-43E1-ADA7-AB45DC8C12A3}.Debug|Any CPU.ActiveCfg = Debug|Any CPU
		{57D1F496-ED69-43E1-ADA7-AB45DC8C12A3}.Debug|Any CPU.Build.0 = Debug|Any CPU
		{57D1F496-ED69-43E1-ADA7-AB45DC8C12A3}.Release|Any CPU.ActiveCfg = Release|Any CPU
		{57D1F496-ED69-43E1-ADA7-AB45DC8C12A3}.Release|Any CPU.Build.0 = Release|Any CPU
		{EADB06A9-35B7-4BF6-BB03-BD7CEF78C286}.Debug|Any CPU.ActiveCfg = Debug|Any CPU
		{EADB06A9-35B7-4BF6-BB03-BD7CEF78C286}.Debug|Any CPU.Build.0 = Debug|Any CPU
		{EADB06A9-35B7-4BF6-BB03-BD7CEF78C286}.Release|Any CPU.ActiveCfg = Release|Any CPU
		{EADB06A9-35B7-4BF6-BB03-BD7CEF78C286}.Release|Any CPU.Build.0 = Release|Any CPU
	EndGlobalSection
	GlobalSection(SolutionProperties) = preSolution
		HideSolutionNode = FALSE
	EndGlobalSection
	GlobalSection(ExtensibilityGlobals) = postSolution
		SolutionGuid = {1621DE67-38DD-4029-976C-8DF7C767D347}
	EndGlobalSection
EndGlobal
